<?xml version="1.0" encoding="utf-8"?>
<Project ToolsVersion="4.0" xmlns="http://schemas.microsoft.com/developer/msbuild/2003">
  <ItemGroup>
    <Filter Include="Quelldateien">
      <UniqueIdentifier>{4FC737F1-C7A5-4376-A066-2A32D752A2FF}</UniqueIdentifier>
      <Extensions>cpp;c;cc;cxx;c++;cppm;ixx;def;odl;idl;hpj;bat;asm;asmx</Extensions>
    </Filter>
    <Filter Include="Headerdateien">
      <UniqueIdentifier>{93995380-89BD-4b04-88EB-625FBE52EBFB}</UniqueIdentifier>
      <Extensions>h;hh;hpp;hxx;h++;hm;inl;inc;ipp;xsd</Extensions>
    </Filter>
    <Filter Include="Ressourcendateien">
      <UniqueIdentifier>{67DA6AB6-F800-4c08-8B7A-83BB121AAD01}</UniqueIdentifier>
      <Extensions>rc;ico;cur;bmp;dlg;rc2;rct;bin;rgs;gif;jpg;jpeg;jpe;resx;tiff;tif;png;wav;mfcribbon-ms</Extensions>
    </Filter>
    <Filter Include="Quelldateien\Model">
      <UniqueIdentifier>{d516e69c-c0ce-4d8b-a760-10e9d83facd2}</UniqueIdentifier>
    </Filter>
    <Filter Include="Quelldateien\View">
      <UniqueIdentifier>{e39f0517-aab6-4342-a88b-f587c4a9afcd}</UniqueIdentifier>
    </Filter>
    <Filter Include="Quelldateien\Controller">
      <UniqueIdentifier>{d07542b8-4711-44b4-8cb1-d1711cf3d5a9}</UniqueIdentifier>
    </Filter>
  </ItemGroup>
  <ItemGroup>
    <ClCompile Include="main.cpp">
      <Filter>Quelldateien</Filter>
    </ClCompile>
    <ClCompile Include="GameController.cpp">
      <Filter>Quelldateien\Controller</Filter>
    </ClCompile>
    <ClCompile Include="GameModel.cpp">
      <Filter>Quelldateien\Model</Filter>
    </ClCompile>
    <ClCompile Include="GameView.cpp">
      <Filter>Quelldateien\View</Filter>
    </ClCompile>
    <ClCompile Include="QuadArray.cpp">
      <Filter>Quelldateien\View</Filter>
    </ClCompile>
    <ClCompile Include="SpriteBatch.cpp">
      <Filter>Quelldateien\View</Filter>
    </ClCompile>
    <ClCompile Include="SpriteTechnique.cpp">
      <Filter>Quelldateien\View</Filter>
    </ClCompile>
    <ClCompile Include="Technique.cpp">
      <Filter>Quelldateien\View</Filter>
    </ClCompile>
    <ClCompile Include="Textur.cpp">
      <Filter>Quelldateien\View</Filter>
    </ClCompile>
    <ClCompile Include="GameObject.cpp">
      <Filter>Quelldateien\Model</Filter>
    </ClCompile>
    <ClCompile Include="ObjectAnimation.cpp">
      <Filter>Quelldateien\Model</Filter>
    </ClCompile>
  </ItemGroup>
  <ItemGroup>
    <ClInclude Include="GameController.h">
      <Filter>Headerdateien</Filter>
    </ClInclude>
    <ClInclude Include="GameView.h">
      <Filter>Headerdateien</Filter>
    </ClInclude>
    <ClInclude Include="GameModel.h">
      <Filter>Headerdateien</Filter>
    </ClInclude>
    <ClInclude Include="QuadArray.h">
      <Filter>Headerdateien</Filter>
    </ClInclude>
    <ClInclude Include="Math.h">
      <Filter>Headerdateien</Filter>
    </ClInclude>
    <ClInclude Include="SpriteTechnique.h">
      <Filter>Headerdateien</Filter>
    </ClInclude>
    <ClInclude Include="Technique.h">
      <Filter>Headerdateien</Filter>
    </ClInclude>
    <ClInclude Include="SpriteBatch.h">
      <Filter>Headerdateien</Filter>
    </ClInclude>
    <ClInclude Include="Textur.h">
      <Filter>Headerdateien</Filter>
    </ClInclude>
    <ClInclude Include="GameObject.h">
      <Filter>Headerdateien</Filter>
    </ClInclude>
    <ClInclude Include="ObjectAnimation.h">
      <Filter>Headerdateien</Filter>
    </ClInclude>
  </ItemGroup>
  <ItemGroup>
    <Image Include="Player_Defaul_64_64_PNG_DXT5_1.DDS">
      <Filter>Ressourcendateien</Filter>
    </Image>
    <Image Include="PlayerSheet_64_64_PNG_DXT5_1.DDS">
      <Filter>Ressourcendateien</Filter>
    </Image>
    <Image Include="Spritesheet_64_64.DDS">
      <Filter>Ressourcendateien</Filter>
    </Image>
    <Image Include="Spritesheet_64_64_Flipped.DDS">
      <Filter>Ressourcendateien</Filter>
    </Image>
  </ItemGroup>
  <ItemGroup>
    <Text Include="Map1.txt">
      <Filter>Ressourcendateien</Filter>
    </Text>
  </ItemGroup>
</Project>